// !$*UTF8*$!
{
	archiveVersion = 1;
	classes = {
	};
	objectVersion = 51;
	objects = {

/* Begin PBXBuildFile section */
		57FA76685D0B52077CD26D82 /* Pods_flix_project.framework in Frameworks */ = {isa = PBXBuildFile; fileRef = 735F1253379FE0C8E8D586F1 /* Pods_flix_project.framework */; };
		6149500422C6A03C0072B33D /* MovieCollectionCell.m in Sources */ = {isa = PBXBuildFile; fileRef = 6149500322C6A03C0072B33D /* MovieCollectionCell.m */; };
		6177C88B22C3F0430021D0E0 /* AppDelegate.m in Sources */ = {isa = PBXBuildFile; fileRef = 6177C88A22C3F0430021D0E0 /* AppDelegate.m */; };
		6177C89122C3F0430021D0E0 /* Main.storyboard in Resources */ = {isa = PBXBuildFile; fileRef = 6177C88F22C3F0430021D0E0 /* Main.storyboard */; };
		6177C89322C3F0430021D0E0 /* Assets.xcassets in Resources */ = {isa = PBXBuildFile; fileRef = 6177C89222C3F0430021D0E0 /* Assets.xcassets */; };
		6177C89622C3F0430021D0E0 /* LaunchScreen.storyboard in Resources */ = {isa = PBXBuildFile; fileRef = 6177C89422C3F0430021D0E0 /* LaunchScreen.storyboard */; };
		6177C89922C3F0430021D0E0 /* main.m in Sources */ = {isa = PBXBuildFile; fileRef = 6177C89822C3F0430021D0E0 /* main.m */; };
		6177C8A322C3F0430021D0E0 /* flix_projectTests.m in Sources */ = {isa = PBXBuildFile; fileRef = 6177C8A222C3F0430021D0E0 /* flix_projectTests.m */; };
		6177C8AE22C3F0430021D0E0 /* flix_projectUITests.m in Sources */ = {isa = PBXBuildFile; fileRef = 6177C8AD22C3F0430021D0E0 /* flix_projectUITests.m */; };
		6177C8C322C417A60021D0E0 /* MoviesViewController.m in Sources */ = {isa = PBXBuildFile; fileRef = 6177C8C222C417A60021D0E0 /* MoviesViewController.m */; };
		619922A122C556F100759B48 /* MovieCell.m in Sources */ = {isa = PBXBuildFile; fileRef = 619922A022C556F100759B48 /* MovieCell.m */; };
		619922A422C5829C00759B48 /* DetailsViewController.m in Sources */ = {isa = PBXBuildFile; fileRef = 619922A322C5829C00759B48 /* DetailsViewController.m */; };
		619922A722C6987400759B48 /* MoviesGridViewController.m in Sources */ = {isa = PBXBuildFile; fileRef = 619922A622C6987400759B48 /* MoviesGridViewController.m */; };
		8340126905DEE151411F68EA /* Pods_flix_projectTests.framework in Frameworks */ = {isa = PBXBuildFile; fileRef = F7461252002DF3EC3CB74E4F /* Pods_flix_projectTests.framework */; };
		8AB30951515ABDBBE5C81E6C /* Pods_flix_projectUITests.framework in Frameworks */ = {isa = PBXBuildFile; fileRef = AEB840E0F85B2FCBCD6E39C5 /* Pods_flix_projectUITests.framework */; };
/* End PBXBuildFile section */

/* Begin PBXContainerItemProxy section */
		6177C89F22C3F0430021D0E0 /* PBXContainerItemProxy */ = {
			isa = PBXContainerItemProxy;
			containerPortal = 6177C87E22C3F0430021D0E0 /* Project object */;
			proxyType = 1;
			remoteGlobalIDString = 6177C88522C3F0430021D0E0;
			remoteInfo = flix_project;
		};
		6177C8AA22C3F0430021D0E0 /* PBXContainerItemProxy */ = {
			isa = PBXContainerItemProxy;
			containerPortal = 6177C87E22C3F0430021D0E0 /* Project object */;
			proxyType = 1;
			remoteGlobalIDString = 6177C88522C3F0430021D0E0;
			remoteInfo = flix_project;
		};
/* End PBXContainerItemProxy section */

/* Begin PBXFileReference section */
		04385C8A65AA2F662CCF4513 /* Pods-flix_project.release.xcconfig */ = {isa = PBXFileReference; includeInIndex = 1; lastKnownFileType = text.xcconfig; name = "Pods-flix_project.release.xcconfig"; path = "Target Support Files/Pods-flix_project/Pods-flix_project.release.xcconfig"; sourceTree = "<group>"; };
		162C74981804DF1BF5448842 /* Pods-flix_project.debug.xcconfig */ = {isa = PBXFileReference; includeInIndex = 1; lastKnownFileType = text.xcconfig; name = "Pods-flix_project.debug.xcconfig"; path = "Target Support Files/Pods-flix_project/Pods-flix_project.debug.xcconfig"; sourceTree = "<group>"; };
		20F439D9B78FAD1DEDF8D5B5 /* Pods-flix_projectTests.debug.xcconfig */ = {isa = PBXFileReference; includeInIndex = 1; lastKnownFileType = text.xcconfig; name = "Pods-flix_projectTests.debug.xcconfig"; path = "Target Support Files/Pods-flix_projectTests/Pods-flix_projectTests.debug.xcconfig"; sourceTree = "<group>"; };
		6149500222C6A03C0072B33D /* MovieCollectionCell.h */ = {isa = PBXFileReference; lastKnownFileType = sourcecode.c.h; path = MovieCollectionCell.h; sourceTree = "<group>"; };
		6149500322C6A03C0072B33D /* MovieCollectionCell.m */ = {isa = PBXFileReference; lastKnownFileType = sourcecode.c.objc; path = MovieCollectionCell.m; sourceTree = "<group>"; };
		6177C88622C3F0430021D0E0 /* flix_project.app */ = {isa = PBXFileReference; explicitFileType = wrapper.application; includeInIndex = 0; path = flix_project.app; sourceTree = BUILT_PRODUCTS_DIR; };
		6177C88922C3F0430021D0E0 /* AppDelegate.h */ = {isa = PBXFileReference; lastKnownFileType = sourcecode.c.h; path = AppDelegate.h; sourceTree = "<group>"; };
		6177C88A22C3F0430021D0E0 /* AppDelegate.m */ = {isa = PBXFileReference; lastKnownFileType = sourcecode.c.objc; path = AppDelegate.m; sourceTree = "<group>"; };
		6177C89022C3F0430021D0E0 /* Base */ = {isa = PBXFileReference; lastKnownFileType = file.storyboard; name = Base; path = Base.lproj/Main.storyboard; sourceTree = "<group>"; };
		6177C89222C3F0430021D0E0 /* Assets.xcassets */ = {isa = PBXFileReference; lastKnownFileType = folder.assetcatalog; path = Assets.xcassets; sourceTree = "<group>"; };
		6177C89522C3F0430021D0E0 /* Base */ = {isa = PBXFileReference; lastKnownFileType = file.storyboard; name = Base; path = Base.lproj/LaunchScreen.storyboard; sourceTree = "<group>"; };
		6177C89722C3F0430021D0E0 /* Info.plist */ = {isa = PBXFileReference; lastKnownFileType = text.plist.xml; path = Info.plist; sourceTree = "<group>"; };
		6177C89822C3F0430021D0E0 /* main.m */ = {isa = PBXFileReference; lastKnownFileType = sourcecode.c.objc; path = main.m; sourceTree = "<group>"; };
		6177C89E22C3F0430021D0E0 /* flix_projectTests.xctest */ = {isa = PBXFileReference; explicitFileType = wrapper.cfbundle; includeInIndex = 0; path = flix_projectTests.xctest; sourceTree = BUILT_PRODUCTS_DIR; };
		6177C8A222C3F0430021D0E0 /* flix_projectTests.m */ = {isa = PBXFileReference; lastKnownFileType = sourcecode.c.objc; path = flix_projectTests.m; sourceTree = "<group>"; };
		6177C8A422C3F0430021D0E0 /* Info.plist */ = {isa = PBXFileReference; lastKnownFileType = text.plist.xml; path = Info.plist; sourceTree = "<group>"; };
		6177C8A922C3F0430021D0E0 /* flix_projectUITests.xctest */ = {isa = PBXFileReference; explicitFileType = wrapper.cfbundle; includeInIndex = 0; path = flix_projectUITests.xctest; sourceTree = BUILT_PRODUCTS_DIR; };
		6177C8AD22C3F0430021D0E0 /* flix_projectUITests.m */ = {isa = PBXFileReference; lastKnownFileType = sourcecode.c.objc; path = flix_projectUITests.m; sourceTree = "<group>"; };
		6177C8AF22C3F0430021D0E0 /* Info.plist */ = {isa = PBXFileReference; lastKnownFileType = text.plist.xml; path = Info.plist; sourceTree = "<group>"; };
		6177C8C122C417A60021D0E0 /* MoviesViewController.h */ = {isa = PBXFileReference; lastKnownFileType = sourcecode.c.h; path = MoviesViewController.h; sourceTree = "<group>"; };
		6177C8C222C417A60021D0E0 /* MoviesViewController.m */ = {isa = PBXFileReference; lastKnownFileType = sourcecode.c.objc; path = MoviesViewController.m; sourceTree = "<group>"; };
		6199229F22C556F100759B48 /* MovieCell.h */ = {isa = PBXFileReference; lastKnownFileType = sourcecode.c.h; path = MovieCell.h; sourceTree = "<group>"; };
		619922A022C556F100759B48 /* MovieCell.m */ = {isa = PBXFileReference; lastKnownFileType = sourcecode.c.objc; path = MovieCell.m; sourceTree = "<group>"; };
		619922A222C5829C00759B48 /* DetailsViewController.h */ = {isa = PBXFileReference; lastKnownFileType = sourcecode.c.h; path = DetailsViewController.h; sourceTree = "<group>"; };
		619922A322C5829C00759B48 /* DetailsViewController.m */ = {isa = PBXFileReference; lastKnownFileType = sourcecode.c.objc; path = DetailsViewController.m; sourceTree = "<group>"; };
		619922A522C6987400759B48 /* MoviesGridViewController.h */ = {isa = PBXFileReference; lastKnownFileType = sourcecode.c.h; path = MoviesGridViewController.h; sourceTree = "<group>"; };
		619922A622C6987400759B48 /* MoviesGridViewController.m */ = {isa = PBXFileReference; lastKnownFileType = sourcecode.c.objc; path = MoviesGridViewController.m; sourceTree = "<group>"; };
		64C5E0622DC294F2E6DBE5E4 /* Pods-flix_projectUITests.debug.xcconfig */ = {isa = PBXFileReference; includeInIndex = 1; lastKnownFileType = text.xcconfig; name = "Pods-flix_projectUITests.debug.xcconfig"; path = "Target Support Files/Pods-flix_projectUITests/Pods-flix_projectUITests.debug.xcconfig"; sourceTree = "<group>"; };
		735F1253379FE0C8E8D586F1 /* Pods_flix_project.framework */ = {isa = PBXFileReference; explicitFileType = wrapper.framework; includeInIndex = 0; path = Pods_flix_project.framework; sourceTree = BUILT_PRODUCTS_DIR; };
		7AC9524EE698C9F195FE9FC3 /* Pods-flix_projectUITests.release.xcconfig */ = {isa = PBXFileReference; includeInIndex = 1; lastKnownFileType = text.xcconfig; name = "Pods-flix_projectUITests.release.xcconfig"; path = "Target Support Files/Pods-flix_projectUITests/Pods-flix_projectUITests.release.xcconfig"; sourceTree = "<group>"; };
		8D17F6923D272FAFB203C45C /* Pods-flix_projectTests.release.xcconfig */ = {isa = PBXFileReference; includeInIndex = 1; lastKnownFileType = text.xcconfig; name = "Pods-flix_projectTests.release.xcconfig"; path = "Target Support Files/Pods-flix_projectTests/Pods-flix_projectTests.release.xcconfig"; sourceTree = "<group>"; };
		AEB840E0F85B2FCBCD6E39C5 /* Pods_flix_projectUITests.framework */ = {isa = PBXFileReference; explicitFileType = wrapper.framework; includeInIndex = 0; path = Pods_flix_projectUITests.framework; sourceTree = BUILT_PRODUCTS_DIR; };
		F7461252002DF3EC3CB74E4F /* Pods_flix_projectTests.framework */ = {isa = PBXFileReference; explicitFileType = wrapper.framework; includeInIndex = 0; path = Pods_flix_projectTests.framework; sourceTree = BUILT_PRODUCTS_DIR; };
/* End PBXFileReference section */

/* Begin PBXFrameworksBuildPhase section */
		6177C88322C3F0430021D0E0 /* Frameworks */ = {
			isa = PBXFrameworksBuildPhase;
			buildActionMask = 2147483647;
			files = (
				57FA76685D0B52077CD26D82 /* Pods_flix_project.framework in Frameworks */,
			);
			runOnlyForDeploymentPostprocessing = 0;
		};
		6177C89B22C3F0430021D0E0 /* Frameworks */ = {
			isa = PBXFrameworksBuildPhase;
			buildActionMask = 2147483647;
			files = (
				8340126905DEE151411F68EA /* Pods_flix_projectTests.framework in Frameworks */,
			);
			runOnlyForDeploymentPostprocessing = 0;
		};
		6177C8A622C3F0430021D0E0 /* Frameworks */ = {
			isa = PBXFrameworksBuildPhase;
			buildActionMask = 2147483647;
			files = (
				8AB30951515ABDBBE5C81E6C /* Pods_flix_projectUITests.framework in Frameworks */,
			);
			runOnlyForDeploymentPostprocessing = 0;
		};
/* End PBXFrameworksBuildPhase section */

/* Begin PBXGroup section */
		6177C87D22C3F0430021D0E0 = {
			isa = PBXGroup;
			children = (
				6177C88822C3F0430021D0E0 /* flix_project */,
				6177C8A122C3F0430021D0E0 /* flix_projectTests */,
				6177C8AC22C3F0430021D0E0 /* flix_projectUITests */,
				6177C88722C3F0430021D0E0 /* Products */,
				A47A282D6E338EFC767FFA65 /* Pods */,
				89188ADDA877D47281648160 /* Frameworks */,
			);
			sourceTree = "<group>";
		};
		6177C88722C3F0430021D0E0 /* Products */ = {
			isa = PBXGroup;
			children = (
				6177C88622C3F0430021D0E0 /* flix_project.app */,
				6177C89E22C3F0430021D0E0 /* flix_projectTests.xctest */,
				6177C8A922C3F0430021D0E0 /* flix_projectUITests.xctest */,
			);
			name = Products;
			sourceTree = "<group>";
		};
		6177C88822C3F0430021D0E0 /* flix_project */ = {
			isa = PBXGroup;
			children = (
				6177C8C022C400B90021D0E0 /* Models  */,
				6177C8BF22C400AF0021D0E0 /* Views  */,
				6177C8BE22C400A40021D0E0 /* View Controllers  */,
				6177C88922C3F0430021D0E0 /* AppDelegate.h */,
				6177C88A22C3F0430021D0E0 /* AppDelegate.m */,
				6177C88F22C3F0430021D0E0 /* Main.storyboard */,
				6177C89222C3F0430021D0E0 /* Assets.xcassets */,
				6177C89422C3F0430021D0E0 /* LaunchScreen.storyboard */,
				6177C89722C3F0430021D0E0 /* Info.plist */,
				6177C89822C3F0430021D0E0 /* main.m */,
			);
			path = flix_project;
			sourceTree = "<group>";
		};
		6177C8A122C3F0430021D0E0 /* flix_projectTests */ = {
			isa = PBXGroup;
			children = (
				6177C8A222C3F0430021D0E0 /* flix_projectTests.m */,
				6177C8A422C3F0430021D0E0 /* Info.plist */,
			);
			path = flix_projectTests;
			sourceTree = "<group>";
		};
		6177C8AC22C3F0430021D0E0 /* flix_projectUITests */ = {
			isa = PBXGroup;
			children = (
				6177C8AD22C3F0430021D0E0 /* flix_projectUITests.m */,
				6177C8AF22C3F0430021D0E0 /* Info.plist */,
			);
			path = flix_projectUITests;
			sourceTree = "<group>";
		};
		6177C8BE22C400A40021D0E0 /* View Controllers  */ = {
			isa = PBXGroup;
			children = (
				6177C8C122C417A60021D0E0 /* MoviesViewController.h */,
				6177C8C222C417A60021D0E0 /* MoviesViewController.m */,
				619922A222C5829C00759B48 /* DetailsViewController.h */,
				619922A322C5829C00759B48 /* DetailsViewController.m */,
				619922A522C6987400759B48 /* MoviesGridViewController.h */,
				619922A622C6987400759B48 /* MoviesGridViewController.m */,
			);
			path = "View Controllers ";
			sourceTree = "<group>";
		};
		6177C8BF22C400AF0021D0E0 /* Views  */ = {
			isa = PBXGroup;
			children = (
				6199229F22C556F100759B48 /* MovieCell.h */,
				619922A022C556F100759B48 /* MovieCell.m */,
				6149500222C6A03C0072B33D /* MovieCollectionCell.h */,
				6149500322C6A03C0072B33D /* MovieCollectionCell.m */,
			);
			path = "Views ";
			sourceTree = "<group>";
		};
		6177C8C022C400B90021D0E0 /* Models  */ = {
			isa = PBXGroup;
			children = (
			);
			path = "Models ";
			sourceTree = "<group>";
		};
		89188ADDA877D47281648160 /* Frameworks */ = {
			isa = PBXGroup;
			children = (
				735F1253379FE0C8E8D586F1 /* Pods_flix_project.framework */,
				F7461252002DF3EC3CB74E4F /* Pods_flix_projectTests.framework */,
				AEB840E0F85B2FCBCD6E39C5 /* Pods_flix_projectUITests.framework */,
			);
			name = Frameworks;
			sourceTree = "<group>";
		};
		A47A282D6E338EFC767FFA65 /* Pods */ = {
			isa = PBXGroup;
			children = (
				162C74981804DF1BF5448842 /* Pods-flix_project.debug.xcconfig */,
				04385C8A65AA2F662CCF4513 /* Pods-flix_project.release.xcconfig */,
				20F439D9B78FAD1DEDF8D5B5 /* Pods-flix_projectTests.debug.xcconfig */,
				8D17F6923D272FAFB203C45C /* Pods-flix_projectTests.release.xcconfig */,
				64C5E0622DC294F2E6DBE5E4 /* Pods-flix_projectUITests.debug.xcconfig */,
				7AC9524EE698C9F195FE9FC3 /* Pods-flix_projectUITests.release.xcconfig */,
			);
			path = Pods;
			sourceTree = "<group>";
		};
/* End PBXGroup section */

/* Begin PBXNativeTarget section */
		6177C88522C3F0430021D0E0 /* flix_project */ = {
			isa = PBXNativeTarget;
			buildConfigurationList = 6177C8B222C3F0430021D0E0 /* Build configuration list for PBXNativeTarget "flix_project" */;
			buildPhases = (
				C9AD7A17A4558283E4BA5FD8 /* [CP] Check Pods Manifest.lock */,
				6177C88222C3F0430021D0E0 /* Sources */,
				6177C88322C3F0430021D0E0 /* Frameworks */,
				6177C88422C3F0430021D0E0 /* Resources */,
				8C0D3453BAA709017A67AB12 /* [CP] Embed Pods Frameworks */,
			);
			buildRules = (
			);
			dependencies = (
			);
			name = flix_project;
			productName = flix_project;
			productReference = 6177C88622C3F0430021D0E0 /* flix_project.app */;
			productType = "com.apple.product-type.application";
		};
		6177C89D22C3F0430021D0E0 /* flix_projectTests */ = {
			isa = PBXNativeTarget;
			buildConfigurationList = 6177C8B522C3F0430021D0E0 /* Build configuration list for PBXNativeTarget "flix_projectTests" */;
			buildPhases = (
				5FBF07BAE3EA16E9E719F445 /* [CP] Check Pods Manifest.lock */,
				6177C89A22C3F0430021D0E0 /* Sources */,
				6177C89B22C3F0430021D0E0 /* Frameworks */,
				6177C89C22C3F0430021D0E0 /* Resources */,
			);
			buildRules = (
			);
			dependencies = (
				6177C8A022C3F0430021D0E0 /* PBXTargetDependency */,
			);
			name = flix_projectTests;
			productName = flix_projectTests;
			productReference = 6177C89E22C3F0430021D0E0 /* flix_projectTests.xctest */;
			productType = "com.apple.product-type.bundle.unit-test";
		};
		6177C8A822C3F0430021D0E0 /* flix_projectUITests */ = {
			isa = PBXNativeTarget;
			buildConfigurationList = 6177C8B822C3F0430021D0E0 /* Build configuration list for PBXNativeTarget "flix_projectUITests" */;
			buildPhases = (
				7FC9DA26683979A9421BE622 /* [CP] Check Pods Manifest.lock */,
				6177C8A522C3F0430021D0E0 /* Sources */,
				6177C8A622C3F0430021D0E0 /* Frameworks */,
				6177C8A722C3F0430021D0E0 /* Resources */,
			);
			buildRules = (
			);
			dependencies = (
				6177C8AB22C3F0430021D0E0 /* PBXTargetDependency */,
			);
			name = flix_projectUITests;
			productName = flix_projectUITests;
			productReference = 6177C8A922C3F0430021D0E0 /* flix_projectUITests.xctest */;
			productType = "com.apple.product-type.bundle.ui-testing";
		};
/* End PBXNativeTarget section */

/* Begin PBXProject section */
		6177C87E22C3F0430021D0E0 /* Project object */ = {
			isa = PBXProject;
			attributes = {
				LastUpgradeCheck = 1020;
				ORGANIZATIONNAME = aodemuyi;
				TargetAttributes = {
					6177C88522C3F0430021D0E0 = {
						CreatedOnToolsVersion = 10.2.1;
					};
					6177C89D22C3F0430021D0E0 = {
						CreatedOnToolsVersion = 10.2.1;
						TestTargetID = 6177C88522C3F0430021D0E0;
					};
					6177C8A822C3F0430021D0E0 = {
						CreatedOnToolsVersion = 10.2.1;
						TestTargetID = 6177C88522C3F0430021D0E0;
					};
				};
			};
			buildConfigurationList = 6177C88122C3F0430021D0E0 /* Build configuration list for PBXProject "flix_project" */;
			compatibilityVersion = "Xcode 9.3";
			developmentRegion = en;
			hasScannedForEncodings = 0;
			knownRegions = (
				en,
				Base,
			);
			mainGroup = 6177C87D22C3F0430021D0E0;
			productRefGroup = 6177C88722C3F0430021D0E0 /* Products */;
			projectDirPath = "";
			projectRoot = "";
			targets = (
				6177C88522C3F0430021D0E0 /* flix_project */,
				6177C89D22C3F0430021D0E0 /* flix_projectTests */,
				6177C8A822C3F0430021D0E0 /* flix_projectUITests */,
			);
		};
/* End PBXProject section */

/* Begin PBXResourcesBuildPhase section */
		6177C88422C3F0430021D0E0 /* Resources */ = {
			isa = PBXResourcesBuildPhase;
			buildActionMask = 2147483647;
			files = (
				6177C89622C3F0430021D0E0 /* LaunchScreen.storyboard in Resources */,
				6177C89322C3F0430021D0E0 /* Assets.xcassets in Resources */,
				6177C89122C3F0430021D0E0 /* Main.storyboard in Resources */,
			);
			runOnlyForDeploymentPostprocessing = 0;
		};
		6177C89C22C3F0430021D0E0 /* Resources */ = {
			isa = PBXResourcesBuildPhase;
			buildActionMask = 2147483647;
			files = (
			);
			runOnlyForDeploymentPostprocessing = 0;
		};
		6177C8A722C3F0430021D0E0 /* Resources */ = {
			isa = PBXResourcesBuildPhase;
			buildActionMask = 2147483647;
			files = (
			);
			runOnlyForDeploymentPostprocessing = 0;
		};
/* End PBXResourcesBuildPhase section */

/* Begin PBXShellScriptBuildPhase section */
		5FBF07BAE3EA16E9E719F445 /* [CP] Check Pods Manifest.lock */ = {
			isa = PBXShellScriptBuildPhase;
			buildActionMask = 2147483647;
			files = (
			);
			inputFileListPaths = (
			);
			inputPaths = (
				"${PODS_PODFILE_DIR_PATH}/Podfile.lock",
				"${PODS_ROOT}/Manifest.lock",
			);
			name = "[CP] Check Pods Manifest.lock";
			outputFileListPaths = (
			);
			outputPaths = (
				"$(DERIVED_FILE_DIR)/Pods-flix_projectTests-checkManifestLockResult.txt",
			);
			runOnlyForDeploymentPostprocessing = 0;
			shellPath = /bin/sh;
			shellScript = "diff \"${PODS_PODFILE_DIR_PATH}/Podfile.lock\" \"${PODS_ROOT}/Manifest.lock\" > /dev/null\nif [ $? != 0 ] ; then\n    # print error to STDERR\n    echo \"error: The sandbox is not in sync with the Podfile.lock. Run 'pod install' or update your CocoaPods installation.\" >&2\n    exit 1\nfi\n# This output is used by Xcode 'outputs' to avoid re-running this script phase.\necho \"SUCCESS\" > \"${SCRIPT_OUTPUT_FILE_0}\"\n";
			showEnvVarsInLog = 0;
		};
		7FC9DA26683979A9421BE622 /* [CP] Check Pods Manifest.lock */ = {
			isa = PBXShellScriptBuildPhase;
			buildActionMask = 2147483647;
			files = (
			);
			inputFileListPaths = (
			);
			inputPaths = (
				"${PODS_PODFILE_DIR_PATH}/Podfile.lock",
				"${PODS_ROOT}/Manifest.lock",
			);
			name = "[CP] Check Pods Manifest.lock";
			outputFileListPaths = (
			);
			outputPaths = (
				"$(DERIVED_FILE_DIR)/Pods-flix_projectUITests-checkManifestLockResult.txt",
			);
			runOnlyForDeploymentPostprocessing = 0;
			shellPath = /bin/sh;
			shellScript = "diff \"${PODS_PODFILE_DIR_PATH}/Podfile.lock\" \"${PODS_ROOT}/Manifest.lock\" > /dev/null\nif [ $? != 0 ] ; then\n    # print error to STDERR\n    echo \"error: The sandbox is not in sync with the Podfile.lock. Run 'pod install' or update your CocoaPods installation.\" >&2\n    exit 1\nfi\n# This output is used by Xcode 'outputs' to avoid re-running this script phase.\necho \"SUCCESS\" > \"${SCRIPT_OUTPUT_FILE_0}\"\n";
			showEnvVarsInLog = 0;
		};
		8C0D3453BAA709017A67AB12 /* [CP] Embed Pods Frameworks */ = {
			isa = PBXShellScriptBuildPhase;
			buildActionMask = 2147483647;
			files = (
			);
			inputFileListPaths = (
				"${PODS_ROOT}/Target Support Files/Pods-flix_project/Pods-flix_project-frameworks-${CONFIGURATION}-input-files.xcfilelist",
			);
			name = "[CP] Embed Pods Frameworks";
			outputFileListPaths = (
				"${PODS_ROOT}/Target Support Files/Pods-flix_project/Pods-flix_project-frameworks-${CONFIGURATION}-output-files.xcfilelist",
			);
			runOnlyForDeploymentPostprocessing = 0;
			shellPath = /bin/sh;
			shellScript = "\"${PODS_ROOT}/Target Support Files/Pods-flix_project/Pods-flix_project-frameworks.sh\"\n";
			showEnvVarsInLog = 0;
		};
		C9AD7A17A4558283E4BA5FD8 /* [CP] Check Pods Manifest.lock */ = {
			isa = PBXShellScriptBuildPhase;
			buildActionMask = 2147483647;
			files = (
			);
			inputFileListPaths = (
			);
			inputPaths = (
				"${PODS_PODFILE_DIR_PATH}/Podfile.lock",
				"${PODS_ROOT}/Manifest.lock",
			);
			name = "[CP] Check Pods Manifest.lock";
			outputFileListPaths = (
			);
			outputPaths = (
				"$(DERIVED_FILE_DIR)/Pods-flix_project-checkManifestLockResult.txt",
			);
			runOnlyForDeploymentPostprocessing = 0;
			shellPath = /bin/sh;
			shellScript = "diff \"${PODS_PODFILE_DIR_PATH}/Podfile.lock\" \"${PODS_ROOT}/Manifest.lock\" > /dev/null\nif [ $? != 0 ] ; then\n    # print error to STDERR\n    echo \"error: The sandbox is not in sync with the Podfile.lock. Run 'pod install' or update your CocoaPods installation.\" >&2\n    exit 1\nfi\n# This output is used by Xcode 'outputs' to avoid re-running this script phase.\necho \"SUCCESS\" > \"${SCRIPT_OUTPUT_FILE_0}\"\n";
			showEnvVarsInLog = 0;
		};
/* End PBXShellScriptBuildPhase section */

/* Begin PBXSourcesBuildPhase section */
		6177C88222C3F0430021D0E0 /* Sources */ = {
			isa = PBXSourcesBuildPhase;
			buildActionMask = 2147483647;
			files = (
				6177C8C322C417A60021D0E0 /* MoviesViewController.m in Sources */,
				619922A422C5829C00759B48 /* DetailsViewController.m in Sources */,
				6177C89922C3F0430021D0E0 /* main.m in Sources */,
				6149500422C6A03C0072B33D /* MovieCollectionCell.m in Sources */,
				619922A122C556F100759B48 /* MovieCell.m in Sources */,
				6177C88B22C3F0430021D0E0 /* AppDelegate.m in Sources */,
				619922A722C6987400759B48 /* MoviesGridViewController.m in Sources */,
			);
			runOnlyForDeploymentPostprocessing = 0;
		};
		6177C89A22C3F0430021D0E0 /* Sources */ = {
			isa = PBXSourcesBuildPhase;
			buildActionMask = 2147483647;
			files = (
				6177C8A322C3F0430021D0E0 /* flix_projectTests.m in Sources */,
			);
			runOnlyForDeploymentPostprocessing = 0;
		};
		6177C8A522C3F0430021D0E0 /* Sources */ = {
			isa = PBXSourcesBuildPhase;
			buildActionMask = 2147483647;
			files = (
				6177C8AE22C3F0430021D0E0 /* flix_projectUITests.m in Sources */,
			);
			runOnlyForDeploymentPostprocessing = 0;
		};
/* End PBXSourcesBuildPhase section */

/* Begin PBXTargetDependency section */
		6177C8A022C3F0430021D0E0 /* PBXTargetDependency */ = {
			isa = PBXTargetDependency;
			target = 6177C88522C3F0430021D0E0 /* flix_project */;
			targetProxy = 6177C89F22C3F0430021D0E0 /* PBXContainerItemProxy */;
		};
		6177C8AB22C3F0430021D0E0 /* PBXTargetDependency */ = {
			isa = PBXTargetDependency;
			target = 6177C88522C3F0430021D0E0 /* flix_project */;
			targetProxy = 6177C8AA22C3F0430021D0E0 /* PBXContainerItemProxy */;
		};
/* End PBXTargetDependency section */

/* Begin PBXVariantGroup section */
		6177C88F22C3F0430021D0E0 /* Main.storyboard */ = {
			isa = PBXVariantGroup;
			children = (
				6177C89022C3F0430021D0E0 /* Base */,
			);
			name = Main.storyboard;
			sourceTree = "<group>";
		};
		6177C89422C3F0430021D0E0 /* LaunchScreen.storyboard */ = {
			isa = PBXVariantGroup;
			children = (
				6177C89522C3F0430021D0E0 /* Base */,
			);
			name = LaunchScreen.storyboard;
			sourceTree = "<group>";
		};
/* End PBXVariantGroup section */

/* Begin XCBuildConfiguration section */
		6177C8B022C3F0430021D0E0 /* Debug */ = {
			isa = XCBuildConfiguration;
			buildSettings = {
				ALWAYS_SEARCH_USER_PATHS = NO;
				CLANG_ANALYZER_NONNULL = YES;
				CLANG_ANALYZER_NUMBER_OBJECT_CONVERSION = YES_AGGRESSIVE;
				CLANG_CXX_LANGUAGE_STANDARD = "gnu++14";
				CLANG_CXX_LIBRARY = "libc++";
				CLANG_ENABLE_MODULES = YES;
				CLANG_ENABLE_OBJC_ARC = YES;
				CLANG_ENABLE_OBJC_WEAK = YES;
				CLANG_WARN_BLOCK_CAPTURE_AUTORELEASING = YES;
				CLANG_WARN_BOOL_CONVERSION = YES;
				CLANG_WARN_COMMA = YES;
				CLANG_WARN_CONSTANT_CONVERSION = YES;
				CLANG_WARN_DEPRECATED_OBJC_IMPLEMENTATIONS = YES;
				CLANG_WARN_DIRECT_OBJC_ISA_USAGE = YES_ERROR;
				CLANG_WARN_DOCUMENTATION_COMMENTS = YES;
				CLANG_WARN_EMPTY_BODY = YES;
				CLANG_WARN_ENUM_CONVERSION = YES;
				CLANG_WARN_INFINITE_RECURSION = YES;
				CLANG_WARN_INT_CONVERSION = YES;
				CLANG_WARN_NON_LITERAL_NULL_CONVERSION = YES;
				CLANG_WARN_OBJC_IMPLICIT_RETAIN_SELF = YES;
				CLANG_WARN_OBJC_LITERAL_CONVERSION = YES;
				CLANG_WARN_OBJC_ROOT_CLASS = YES_ERROR;
				CLANG_WARN_RANGE_LOOP_ANALYSIS = YES;
				CLANG_WARN_STRICT_PROTOTYPES = YES;
				CLANG_WARN_SUSPICIOUS_MOVE = YES;
				CLANG_WARN_UNGUARDED_AVAILABILITY = YES_AGGRESSIVE;
				CLANG_WARN_UNREACHABLE_CODE = YES;
				CLANG_WARN__DUPLICATE_METHOD_MATCH = YES;
				CODE_SIGN_IDENTITY = "iPhone Developer";
				COPY_PHASE_STRIP = NO;
				DEBUG_INFORMATION_FORMAT = dwarf;
				ENABLE_STRICT_OBJC_MSGSEND = YES;
				ENABLE_TESTABILITY = YES;
				GCC_C_LANGUAGE_STANDARD = gnu11;
				GCC_DYNAMIC_NO_PIC = NO;
				GCC_NO_COMMON_BLOCKS = YES;
				GCC_OPTIMIZATION_LEVEL = 0;
				GCC_PREPROCESSOR_DEFINITIONS = (
					"DEBUG=1",
					"$(inherited)",
				);
				GCC_WARN_64_TO_32_BIT_CONVERSION = YES;
				GCC_WARN_ABOUT_RETURN_TYPE = YES_ERROR;
				GCC_WARN_UNDECLARED_SELECTOR = YES;
				GCC_WARN_UNINITIALIZED_AUTOS = YES_AGGRESSIVE;
				GCC_WARN_UNUSED_FUNCTION = YES;
				GCC_WARN_UNUSED_VARIABLE = YES;
				IPHONEOS_DEPLOYMENT_TARGET = 12.2;
				MTL_ENABLE_DEBUG_INFO = INCLUDE_SOURCE;
				MTL_FAST_MATH = YES;
				ONLY_ACTIVE_ARCH = YES;
				SDKROOT = iphoneos;
			};
			name = Debug;
		};
		6177C8B122C3F0430021D0E0 /* Release */ = {
			isa = XCBuildConfiguration;
			buildSettings = {
				ALWAYS_SEARCH_USER_PATHS = NO;
				CLANG_ANALYZER_NONNULL = YES;
				CLANG_ANALYZER_NUMBER_OBJECT_CONVERSION = YES_AGGRESSIVE;
				CLANG_CXX_LANGUAGE_STANDARD = "gnu++14";
				CLANG_CXX_LIBRARY = "libc++";
				CLANG_ENABLE_MODULES = YES;
				CLANG_ENABLE_OBJC_ARC = YES;
				CLANG_ENABLE_OBJC_WEAK = YES;
				CLANG_WARN_BLOCK_CAPTURE_AUTORELEASING = YES;
				CLANG_WARN_BOOL_CONVERSION = YES;
				CLANG_WARN_COMMA = YES;
				CLANG_WARN_CONSTANT_CONVERSION = YES;
				CLANG_WARN_DEPRECATED_OBJC_IMPLEMENTATIONS = YES;
				CLANG_WARN_DIRECT_OBJC_ISA_USAGE = YES_ERROR;
				CLANG_WARN_DOCUMENTATION_COMMENTS = YES;
				CLANG_WARN_EMPTY_BODY = YES;
				CLANG_WARN_ENUM_CONVERSION = YES;
				CLANG_WARN_INFINITE_RECURSION = YES;
				CLANG_WARN_INT_CONVERSION = YES;
				CLANG_WARN_NON_LITERAL_NULL_CONVERSION = YES;
				CLANG_WARN_OBJC_IMPLICIT_RETAIN_SELF = YES;
				CLANG_WARN_OBJC_LITERAL_CONVERSION = YES;
				CLANG_WARN_OBJC_ROOT_CLASS = YES_ERROR;
				CLANG_WARN_RANGE_LOOP_ANALYSIS = YES;
				CLANG_WARN_STRICT_PROTOTYPES = YES;
				CLANG_WARN_SUSPICIOUS_MOVE = YES;
				CLANG_WARN_UNGUARDED_AVAILABILITY = YES_AGGRESSIVE;
				CLANG_WARN_UNREACHABLE_CODE = YES;
				CLANG_WARN__DUPLICATE_METHOD_MATCH = YES;
				CODE_SIGN_IDENTITY = "iPhone Developer";
				COPY_PHASE_STRIP = NO;
				DEBUG_INFORMATION_FORMAT = "dwarf-with-dsym";
				ENABLE_NS_ASSERTIONS = NO;
				ENABLE_STRICT_OBJC_MSGSEND = YES;
				GCC_C_LANGUAGE_STANDARD = gnu11;
				GCC_NO_COMMON_BLOCKS = YES;
				GCC_WARN_64_TO_32_BIT_CONVERSION = YES;
				GCC_WARN_ABOUT_RETURN_TYPE = YES_ERROR;
				GCC_WARN_UNDECLARED_SELECTOR = YES;
				GCC_WARN_UNINITIALIZED_AUTOS = YES_AGGRESSIVE;
				GCC_WARN_UNUSED_FUNCTION = YES;
				GCC_WARN_UNUSED_VARIABLE = YES;
				IPHONEOS_DEPLOYMENT_TARGET = 12.2;
				MTL_ENABLE_DEBUG_INFO = NO;
				MTL_FAST_MATH = YES;
				SDKROOT = iphoneos;
				VALIDATE_PRODUCT = YES;
			};
			name = Release;
		};
		6177C8B322C3F0430021D0E0 /* Debug */ = {
			isa = XCBuildConfiguration;
			baseConfigurationReference = 162C74981804DF1BF5448842 /* Pods-flix_project.debug.xcconfig */;
			buildSettings = {
				ASSETCATALOG_COMPILER_APPICON_NAME = AppIcon;
				CODE_SIGN_STYLE = Automatic;
				DEVELOPMENT_TEAM = RW6F5L2HZM;
				INFOPLIST_FILE = flix_project/Info.plist;
				LD_RUNPATH_SEARCH_PATHS = (
					"$(inherited)",
					"@executable_path/Frameworks",
				);
				PRODUCT_BUNDLE_IDENTIFIER = "com.codepath.flix-project";
				PRODUCT_NAME = "$(TARGET_NAME)";
				TARGETED_DEVICE_FAMILY = "1,2";
			};
			name = Debug;
		};
		6177C8B422C3F0430021D0E0 /* Release */ = {
			isa = XCBuildConfiguration;
			baseConfigurationReference = 04385C8A65AA2F662CCF4513 /* Pods-flix_project.release.xcconfig */;
			buildSettings = {
				ASSETCATALOG_COMPILER_APPICON_NAME = AppIcon;
				CODE_SIGN_STYLE = Automatic;
				DEVELOPMENT_TEAM = RW6F5L2HZM;
				INFOPLIST_FILE = flix_project/Info.plist;
				LD_RUNPATH_SEARCH_PATHS = (
					"$(inherited)",
					"@executable_path/Frameworks",
				);
				PRODUCT_BUNDLE_IDENTIFIER = "com.codepath.flix-project";
				PRODUCT_NAME = "$(TARGET_NAME)";
				TARGETED_DEVICE_FAMILY = "1,2";
			};
			name = Release;
		};
		6177C8B622C3F0430021D0E0 /* Debug */ = {
			isa = XCBuildConfiguration;
			baseConfigurationReference = 20F439D9B78FAD1DEDF8D5B5 /* Pods-flix_projectTests.debug.xcconfig */;
			buildSettings = {
				BUNDLE_LOADER = "$(TEST_HOST)";
				CODE_SIGN_STYLE = Automatic;
				DEVELOPMENT_TEAM = RW6F5L2HZM;
				INFOPLIST_FILE = flix_projectTests/Info.plist;
				LD_RUNPATH_SEARCH_PATHS = (
					"$(inherited)",
					"@executable_path/Frameworks",
					"@loader_path/Frameworks",
				);
				PRODUCT_BUNDLE_IDENTIFIER = "com.codepath.flix-projectTests";
				PRODUCT_NAME = "$(TARGET_NAME)";
				TARGETED_DEVICE_FAMILY = "1,2";
				TEST_HOST = "$(BUILT_PRODUCTS_DIR)/flix_project.app/flix_project";
			};
			name = Debug;
		};
		6177C8B722C3F0430021D0E0 /* Release */ = {
			isa = XCBuildConfiguration;
			baseConfigurationReference = 8D17F6923D272FAFB203C45C /* Pods-flix_projectTests.release.xcconfig */;
			buildSettings = {
				BUNDLE_LOADER = "$(TEST_HOST)";
				CODE_SIGN_STYLE = Automatic;
				DEVELOPMENT_TEAM = RW6F5L2HZM;
				INFOPLIST_FILE = flix_projectTests/Info.plist;
				LD_RUNPATH_SEARCH_PATHS = (
					"$(inherited)",
					"@executable_path/Frameworks",
					"@loader_path/Frameworks",
				);
				PRODUCT_BUNDLE_IDENTIFIER = "com.codepath.flix-projectTests";
				PRODUCT_NAME = "$(TARGET_NAME)";
				TARGETED_DEVICE_FAMILY = "1,2";
				TEST_HOST = "$(BUILT_PRODUCTS_DIR)/flix_project.app/flix_project";
			};
			name = Release;
		};
		6177C8B922C3F0430021D0E0 /* Debug */ = {
			isa = XCBuildConfiguration;
			baseConfigurationReference = 64C5E0622DC294F2E6DBE5E4 /* Pods-flix_projectUITests.debug.xcconfig */;
			buildSettings = {
				CODE_SIGN_STYLE = Automatic;
				DEVELOPMENT_TEAM = RW6F5L2HZM;
				INFOPLIST_FILE = flix_projectUITests/Info.plist;
				LD_RUNPATH_SEARCH_PATHS = (
					"$(inherited)",
					"@executable_path/Frameworks",
					"@loader_path/Frameworks",
				);
				PRODUCT_BUNDLE_IDENTIFIER = "com.codepath.flix-projectUITests";
				PRODUCT_NAME = "$(TARGET_NAME)";
				TARGETED_DEVICE_FAMILY = "1,2";
				TEST_TARGET_NAME = flix_project;
			};
			name = Debug;
		};
		6177C8BA22C3F0430021D0E0 /* Release */ = {
			isa = XCBuildConfiguration;
			baseConfigurationReference = 7AC9524EE698C9F195FE9FC3 /* Pods-flix_projectUITests.release.xcconfig */;
			buildSettings = {
				CODE_SIGN_STYLE = Automatic;
				DEVELOPMENT_TEAM = RW6F5L2HZM;
				INFOPLIST_FILE = flix_projectUITests/Info.plist;
				LD_RUNPATH_SEARCH_PATHS = (
					"$(inherited)",
					"@executable_path/Frameworks",
					"@loader_path/Frameworks",
				);
				PRODUCT_BUNDLE_IDENTIFIER = "com.codepath.flix-projectUITests";
				PRODUCT_NAME = "$(TARGET_NAME)";
				TARGETED_DEVICE_FAMILY = "1,2";
				TEST_TARGET_NAME = flix_project;
			};
			name = Release;
		};
/* End XCBuildConfiguration section */

/* Begin XCConfigurationList section */
		6177C88122C3F0430021D0E0 /* Build configuration list for PBXProject "flix_project" */ = {
			isa = XCConfigurationList;
			buildConfigurations = (
				6177C8B022C3F0430021D0E0 /* Debug */,
				6177C8B122C3F0430021D0E0 /* Release */,
			);
			defaultConfigurationIsVisible = 0;
			defaultConfigurationName = Release;
		};
		6177C8B222C3F0430021D0E0 /* Build configuration list for PBXNativeTarget "flix_project" */ = {
			isa = XCConfigurationList;
			buildConfigurations = (
				6177C8B322C3F0430021D0E0 /* Debug */,
				6177C8B422C3F0430021D0E0 /* Release */,
			);
			defaultConfigurationIsVisible = 0;
			defaultConfigurationName = Release;
		};
		6177C8B522C3F0430021D0E0 /* Build configuration list for PBXNativeTarget "flix_projectTests" */ = {
			isa = XCConfigurationList;
			buildConfigurations = (
				6177C8B622C3F0430021D0E0 /* Debug */,
				6177C8B722C3F0430021D0E0 /* Release */,
			);
			defaultConfigurationIsVisible = 0;
			defaultConfigurationName = Release;
		};
		6177C8B822C3F0430021D0E0 /* Build configuration list for PBXNativeTarget "flix_projectUITests" */ = {
			isa = XCConfigurationList;
			buildConfigurations = (
				6177C8B922C3F0430021D0E0 /* Debug */,
				6177C8BA22C3F0430021D0E0 /* Release */,
			);
			defaultConfigurationIsVisible = 0;
			defaultConfigurationName = Release;
		};
/* End XCConfigurationList section */
	};
	rootObject = 6177C87E22C3F0430021D0E0 /* Project object */;
}
